// !$*UTF8*$!
{
	archiveVersion = 1;
	classes = {
	};
	objectVersion = 77;
	objects = {

/* Begin PBXBuildFile section */
		AF534FCB2EE03A7F00C24675 /* InlineSnapshotTesting in Frameworks */ = {isa = PBXBuildFile; productRef = AF534FCA2EE03A7F00C24675 /* InlineSnapshotTesting */; };
		AF534FCD2EE03A7F00C24675 /* SnapshotTesting in Frameworks */ = {isa = PBXBuildFile; productRef = AF534FCC2EE03A7F00C24675 /* SnapshotTesting */; };
		AF534FCF2EE03A7F00C24675 /* SnapshotTestingCustomDump in Frameworks */ = {isa = PBXBuildFile; productRef = AF534FCE2EE03A7F00C24675 /* SnapshotTestingCustomDump */; };
		AF534FE12EE03DDF00C24675 /* .gitignore in Resources */ = {isa = PBXBuildFile; fileRef = AF534FE02EE03DDF00C24675 /* .gitignore */; };
		AF534FE52EE03EA300C24675 /* README.md in Resources */ = {isa = PBXBuildFile; fileRef = AF534FE42EE03EA300C24675 /* README.md */; };
		AF53500D2EE0450A00C24675 /* .githubworkflowssnapshot-tests.yml in Resources */ = {isa = PBXBuildFile; fileRef = AF53500C2EE0450A00C24675 /* .githubworkflowssnapshot-tests.yml */; };
		AF5350152EE045D800C24675 /* .gitattributes in Resources */ = {isa = PBXBuildFile; fileRef = AF5350142EE045D800C24675 /* .gitattributes */; };
/* End PBXBuildFile section */

/* Begin PBXContainerItemProxy section */
		AF534FD82EE03D1000C24675 /* PBXContainerItemProxy */ = {
			isa = PBXContainerItemProxy;
			containerPortal = AF534F912EE034EA00C24675 /* Project object */;
			proxyType = 1;
			remoteGlobalIDString = AF534F982EE034EA00C24675;
			remoteInfo = SportsAppClone;
		};
/* End PBXContainerItemProxy section */

/* Begin PBXFileReference section */
		AF534F992EE034EA00C24675 /* SportsAppClone.app */ = {isa = PBXFileReference; explicitFileType = wrapper.application; includeInIndex = 0; path = SportsAppClone.app; sourceTree = BUILT_PRODUCTS_DIR; };
		AF534FD42EE03D1000C24675 /* SportsAppCloneTests.xctest */ = {isa = PBXFileReference; explicitFileType = wrapper.cfbundle; includeInIndex = 0; path = SportsAppCloneTests.xctest; sourceTree = BUILT_PRODUCTS_DIR; };
		AF534FE02EE03DDF00C24675 /* .gitignore */ = {isa = PBXFileReference; lastKnownFileType = text; path = .gitignore; sourceTree = "<group>"; };
		AF534FE42EE03EA300C24675 /* README.md */ = {isa = PBXFileReference; lastKnownFileType = net.daringfireball.markdown; path = README.md; sourceTree = "<group>"; };
		AF53500C2EE0450A00C24675 /* .githubworkflowssnapshot-tests.yml */ = {isa = PBXFileReference; lastKnownFileType = text.yaml; path = ".githubworkflowssnapshot-tests.yml"; sourceTree = "<group>"; };
		AF5350142EE045D800C24675 /* .gitattributes */ = {isa = PBXFileReference; lastKnownFileType = text; path = .gitattributes; sourceTree = "<group>"; };
/* End PBXFileReference section */

/* Begin PBXFileSystemSynchronizedBuildFileExceptionSet section */
		AF534FF62EE040C200C24675 /* Exceptions for "docs" folder in "SportsAppClone" target */ = {
			isa = PBXFileSystemSynchronizedBuildFileExceptionSet;
			membershipExceptions = (
				AI_INTEGRATION_GUIDE.md,
				INTERVIEW_PREP.md,
			);
			target = AF534F982EE034EA00C24675 /* SportsAppClone */;
		};
/* End PBXFileSystemSynchronizedBuildFileExceptionSet section */

/* Begin PBXFileSystemSynchronizedRootGroup section */
		AF534F9B2EE034EA00C24675 /* SportsAppClone */ = {
			isa = PBXFileSystemSynchronizedRootGroup;
			path = SportsAppClone;
			sourceTree = "<group>";
		};
		AF534FD52EE03D1000C24675 /* SportsAppCloneTests */ = {
			isa = PBXFileSystemSynchronizedRootGroup;
			path = SportsAppCloneTests;
			sourceTree = "<group>";
		};
		AF534FF52EE040B100C24675 /* docs */ = {
			isa = PBXFileSystemSynchronizedRootGroup;
			exceptions = (
				AF534FF62EE040C200C24675 /* Exceptions for "docs" folder in "SportsAppClone" target */,
			);
			path = docs;
			sourceTree = "<group>";
		};
/* End PBXFileSystemSynchronizedRootGroup section */

/* Begin PBXFrameworksBuildPhase section */
		AF534F962EE034EA00C24675 /* Frameworks */ = {
			isa = PBXFrameworksBuildPhase;
			buildActionMask = 2147483647;
			files = (
				AF534FCF2EE03A7F00C24675 /* SnapshotTestingCustomDump in Frameworks */,
				AF534FCB2EE03A7F00C24675 /* InlineSnapshotTesting in Frameworks */,
				AF534FCD2EE03A7F00C24675 /* SnapshotTesting in Frameworks */,
			);
			runOnlyForDeploymentPostprocessing = 0;
		};
		AF534FD12EE03D1000C24675 /* Frameworks */ = {
			isa = PBXFrameworksBuildPhase;
			buildActionMask = 2147483647;
			files = (
			);
			runOnlyForDeploymentPostprocessing = 0;
		};
/* End PBXFrameworksBuildPhase section */

/* Begin PBXGroup section */
		AF534F902EE034EA00C24675 = {
			isa = PBXGroup;
			children = (
				AF534FF52EE040B100C24675 /* docs */,
				AF534F9B2EE034EA00C24675 /* SportsAppClone */,
				AF534FD52EE03D1000C24675 /* SportsAppCloneTests */,
				AF534F9A2EE034EA00C24675 /* Products */,
				AF534FE42EE03EA300C24675 /* README.md */,
				AF534FE02EE03DDF00C24675 /* .gitignore */,
				AF5350142EE045D800C24675 /* .gitattributes */,
				AF53500C2EE0450A00C24675 /* .githubworkflowssnapshot-tests.yml */,
			);
			sourceTree = "<group>";
		};
		AF534F9A2EE034EA00C24675 /* Products */ = {
			isa = PBXGroup;
			children = (
				AF534F992EE034EA00C24675 /* SportsAppClone.app */,
				AF534FD42EE03D1000C24675 /* SportsAppCloneTests.xctest */,
			);
			name = Products;
			sourceTree = "<group>";
		};
/* End PBXGroup section */

/* Begin PBXNativeTarget section */
		AF534F982EE034EA00C24675 /* SportsAppClone */ = {
			isa = PBXNativeTarget;
			buildConfigurationList = AF534FA42EE034EB00C24675 /* Build configuration list for PBXNativeTarget "SportsAppClone" */;
			buildPhases = (
				AF534F952EE034EA00C24675 /* Sources */,
				AF534F962EE034EA00C24675 /* Frameworks */,
				AF534F972EE034EA00C24675 /* Resources */,
			);
			buildRules = (
			);
			dependencies = (
			);
			fileSystemSynchronizedGroups = (
				AF534F9B2EE034EA00C24675 /* SportsAppClone */,
			);
			name = SportsAppClone;
			packageProductDependencies = (
				AF534FCA2EE03A7F00C24675 /* InlineSnapshotTesting */,
				AF534FCC2EE03A7F00C24675 /* SnapshotTesting */,
				AF534FCE2EE03A7F00C24675 /* SnapshotTestingCustomDump */,
			);
			productName = SportsAppClone;
			productReference = AF534F992EE034EA00C24675 /* SportsAppClone.app */;
			productType = "com.apple.product-type.application";
		};
		AF534FD32EE03D1000C24675 /* SportsAppCloneTests */ = {
			isa = PBXNativeTarget;
			buildConfigurationList = AF534FDA2EE03D1000C24675 /* Build configuration list for PBXNativeTarget "SportsAppCloneTests" */;
			buildPhases = (
				AF534FD02EE03D1000C24675 /* Sources */,
				AF534FD12EE03D1000C24675 /* Frameworks */,
				AF534FD22EE03D1000C24675 /* Resources */,
			);
			buildRules = (
			);
			dependencies = (
				AF534FD92EE03D1000C24675 /* PBXTargetDependency */,
			);
			fileSystemSynchronizedGroups = (
				AF534FD52EE03D1000C24675 /* SportsAppCloneTests */,
			);
			name = SportsAppCloneTests;
			packageProductDependencies = (
			);
			productName = SportsAppCloneTests;
			productReference = AF534FD42EE03D1000C24675 /* SportsAppCloneTests.xctest */;
			productType = "com.apple.product-type.bundle.unit-test";
		};
/* End PBXNativeTarget section */

/* Begin PBXProject section */
		AF534F912EE034EA00C24675 /* Project object */ = {
			isa = PBXProject;
			attributes = {
				BuildIndependentTargetsInParallel = 1;
				LastSwiftUpdateCheck = 2610;
				LastUpgradeCheck = 2610;
				TargetAttributes = {
					AF534F982EE034EA00C24675 = {
						CreatedOnToolsVersion = 26.1.1;
					};
					AF534FD32EE03D1000C24675 = {
						CreatedOnToolsVersion = 26.1.1;
						TestTargetID = AF534F982EE034EA00C24675;
					};
				};
			};
			buildConfigurationList = AF534F942EE034EA00C24675 /* Build configuration list for PBXProject "SportsAppClone" */;
			developmentRegion = en;
			hasScannedForEncodings = 0;
			knownRegions = (
				en,
				Base,
			);
			mainGroup = AF534F902EE034EA00C24675;
			minimizedProjectReferenceProxies = 1;
			packageReferences = (
				AF534FC92EE03A7F00C24675 /* XCRemoteSwiftPackageReference "swift-snapshot-testing" */,
			);
			preferredProjectObjectVersion = 77;
			productRefGroup = AF534F9A2EE034EA00C24675 /* Products */;
			projectDirPath = "";
			projectRoot = "";
			targets = (
				AF534F982EE034EA00C24675 /* SportsAppClone */,
				AF534FD32EE03D1000C24675 /* SportsAppCloneTests */,
			);
		};
/* End PBXProject section */

/* Begin PBXResourcesBuildPhase section */
		AF534F972EE034EA00C24675 /* Resources */ = {
			isa = PBXResourcesBuildPhase;
			buildActionMask = 2147483647;
			files = (
				AF5350152EE045D800C24675 /* .gitattributes in Resources */,
				AF53500D2EE0450A00C24675 /* .githubworkflowssnapshot-tests.yml in Resources */,
			);
			runOnlyForDeploymentPostprocessing = 0;
		};
		AF534FD22EE03D1000C24675 /* Resources */ = {
			isa = PBXResourcesBuildPhase;
			buildActionMask = 2147483647;
			files = (
				AF534FE12EE03DDF00C24675 /* .gitignore in Resources */,
				AF534FE52EE03EA300C24675 /* README.md in Resources */,
			);
			runOnlyForDeploymentPostprocessing = 0;
		};
/* End PBXResourcesBuildPhase section */

/* Begin PBXSourcesBuildPhase section */
		AF534F952EE034EA00C24675 /* Sources */ = {
			isa = PBXSourcesBuildPhase;
			buildActionMask = 2147483647;
			files = (
			);
			runOnlyForDeploymentPostprocessing = 0;
		};
		AF534FD02EE03D1000C24675 /* Sources */ = {
			isa = PBXSourcesBuildPhase;
			buildActionMask = 2147483647;
			files = (
			);
			runOnlyForDeploymentPostprocessing = 0;
		};
/* End PBXSourcesBuildPhase section */

/* Begin PBXTargetDependency section */
		AF534FD92EE03D1000C24675 /* PBXTargetDependency */ = {
			isa = PBXTargetDependency;
			target = AF534F982EE034EA00C24675 /* SportsAppClone */;
			targetProxy = AF534FD82EE03D1000C24675 /* PBXContainerItemProxy */;
		};
/* End PBXTargetDependency section */

/* Begin XCBuildConfiguration section */
		AF534FA22EE034EB00C24675 /* Debug */ = {
			isa = XCBuildConfiguration;
			buildSettings = {
				ALWAYS_SEARCH_USER_PATHS = NO;
				ASSETCATALOG_COMPILER_GENERATE_SWIFT_ASSET_SYMBOL_EXTENSIONS = YES;
				CLANG_ANALYZER_NONNULL = YES;
				CLANG_ANALYZER_NUMBER_OBJECT_CONVERSION = YES_AGGRESSIVE;
				CLANG_CXX_LANGUAGE_STANDARD = "gnu++20";
				CLANG_ENABLE_MODULES = YES;
				CLANG_ENABLE_OBJC_ARC = YES;
				CLANG_ENABLE_OBJC_WEAK = YES;
				CLANG_WARN_BLOCK_CAPTURE_AUTORELEASING = YES;
				CLANG_WARN_BOOL_CONVERSION = YES;
				CLANG_WARN_COMMA = YES;
				CLANG_WARN_CONSTANT_CONVERSION = YES;
				CLANG_WARN_DEPRECATED_OBJC_IMPLEMENTATIONS = YES;
				CLANG_WARN_DIRECT_OBJC_ISA_USAGE = YES_ERROR;
				CLANG_WARN_DOCUMENTATION_COMMENTS = YES;
				CLANG_WARN_EMPTY_BODY = YES;
				CLANG_WARN_ENUM_CONVERSION = YES;
				CLANG_WARN_INFINITE_RECURSION = YES;
				CLANG_WARN_INT_CONVERSION = YES;
				CLANG_WARN_NON_LITERAL_NULL_CONVERSION = YES;
				CLANG_WARN_OBJC_IMPLICIT_RETAIN_SELF = YES;
				CLANG_WARN_OBJC_LITERAL_CONVERSION = YES;
				CLANG_WARN_OBJC_ROOT_CLASS = YES_ERROR;
				CLANG_WARN_QUOTED_INCLUDE_IN_FRAMEWORK_HEADER = YES;
				CLANG_WARN_RANGE_LOOP_ANALYSIS = YES;
				CLANG_WARN_STRICT_PROTOTYPES = YES;
				CLANG_WARN_SUSPICIOUS_MOVE = YES;
				CLANG_WARN_UNGUARDED_AVAILABILITY = YES_AGGRESSIVE;
				CLANG_WARN_UNREACHABLE_CODE = YES;
				CLANG_WARN__DUPLICATE_METHOD_MATCH = YES;
				COPY_PHASE_STRIP = NO;
				DEBUG_INFORMATION_FORMAT = dwarf;
				DEVELOPMENT_TEAM = 2MPMKAF986;
				ENABLE_STRICT_OBJC_MSGSEND = YES;
				ENABLE_TESTABILITY = YES;
				ENABLE_USER_SCRIPT_SANDBOXING = YES;
				GCC_C_LANGUAGE_STANDARD = gnu17;
				GCC_DYNAMIC_NO_PIC = NO;
				GCC_NO_COMMON_BLOCKS = YES;
				GCC_OPTIMIZATION_LEVEL = 0;
				GCC_PREPROCESSOR_DEFINITIONS = (
					"DEBUG=1",
					"$(inherited)",
				);
				GCC_WARN_64_TO_32_BIT_CONVERSION = YES;
				GCC_WARN_ABOUT_RETURN_TYPE = YES_ERROR;
				GCC_WARN_UNDECLARED_SELECTOR = YES;
				GCC_WARN_UNINITIALIZED_AUTOS = YES_AGGRESSIVE;
				GCC_WARN_UNUSED_FUNCTION = YES;
				GCC_WARN_UNUSED_VARIABLE = YES;
				IPHONEOS_DEPLOYMENT_TARGET = 26.1;
				LOCALIZATION_PREFERS_STRING_CATALOGS = YES;
				MTL_ENABLE_DEBUG_INFO = INCLUDE_SOURCE;
				MTL_FAST_MATH = YES;
				ONLY_ACTIVE_ARCH = YES;
				SDKROOT = iphoneos;
				SWIFT_ACTIVE_COMPILATION_CONDITIONS = "DEBUG $(inherited)";
				SWIFT_OPTIMIZATION_LEVEL = "-Onone";
				SWIFT_VERSION = 6.0;
			};
			name = Debug;
		};
		AF534FA32EE034EB00C24675 /* Release */ = {
			isa = XCBuildConfiguration;
			buildSettings = {
				ALWAYS_SEARCH_USER_PATHS = NO;
				ASSETCATALOG_COMPILER_GENERATE_SWIFT_ASSET_SYMBOL_EXTENSIONS = YES;
				CLANG_ANALYZER_NONNULL = YES;
				CLANG_ANALYZER_NUMBER_OBJECT_CONVERSION = YES_AGGRESSIVE;
				CLANG_CXX_LANGUAGE_STANDARD = "gnu++20";
				CLANG_ENABLE_MODULES = YES;
				CLANG_ENABLE_OBJC_ARC = YES;
				CLANG_ENABLE_OBJC_WEAK = YES;
				CLANG_WARN_BLOCK_CAPTURE_AUTORELEASING = YES;
				CLANG_WARN_BOOL_CONVERSION = YES;
				CLANG_WARN_COMMA = YES;
				CLANG_WARN_CONSTANT_CONVERSION = YES;
				CLANG_WARN_DEPRECATED_OBJC_IMPLEMENTATIONS = YES;
				CLANG_WARN_DIRECT_OBJC_ISA_USAGE = YES_ERROR;
				CLANG_WARN_DOCUMENTATION_COMMENTS = YES;
				CLANG_WARN_EMPTY_BODY = YES;
				CLANG_WARN_ENUM_CONVERSION = YES;
				CLANG_WARN_INFINITE_RECURSION = YES;
				CLANG_WARN_INT_CONVERSION = YES;
				CLANG_WARN_NON_LITERAL_NULL_CONVERSION = YES;
				CLANG_WARN_OBJC_IMPLICIT_RETAIN_SELF = YES;
				CLANG_WARN_OBJC_LITERAL_CONVERSION = YES;
				CLANG_WARN_OBJC_ROOT_CLASS = YES_ERROR;
				CLANG_WARN_QUOTED_INCLUDE_IN_FRAMEWORK_HEADER = YES;
				CLANG_WARN_RANGE_LOOP_ANALYSIS = YES;
				CLANG_WARN_STRICT_PROTOTYPES = YES;
				CLANG_WARN_SUSPICIOUS_MOVE = YES;
				CLANG_WARN_UNGUARDED_AVAILABILITY = YES_AGGRESSIVE;
				CLANG_WARN_UNREACHABLE_CODE = YES;
				CLANG_WARN__DUPLICATE_METHOD_MATCH = YES;
				COPY_PHASE_STRIP = NO;
				DEBUG_INFORMATION_FORMAT = "dwarf-with-dsym";
				DEVELOPMENT_TEAM = 2MPMKAF986;
				ENABLE_NS_ASSERTIONS = NO;
				ENABLE_STRICT_OBJC_MSGSEND = YES;
				ENABLE_USER_SCRIPT_SANDBOXING = YES;
				GCC_C_LANGUAGE_STANDARD = gnu17;
				GCC_NO_COMMON_BLOCKS = YES;
				GCC_WARN_64_TO_32_BIT_CONVERSION = YES;
				GCC_WARN_ABOUT_RETURN_TYPE = YES_ERROR;
				GCC_WARN_UNDECLARED_SELECTOR = YES;
				GCC_WARN_UNINITIALIZED_AUTOS = YES_AGGRESSIVE;
				GCC_WARN_UNUSED_FUNCTION = YES;
				GCC_WARN_UNUSED_VARIABLE = YES;
				IPHONEOS_DEPLOYMENT_TARGET = 26.1;
				LOCALIZATION_PREFERS_STRING_CATALOGS = YES;
				MTL_ENABLE_DEBUG_INFO = NO;
				MTL_FAST_MATH = YES;
				SDKROOT = iphoneos;
				SWIFT_COMPILATION_MODE = wholemodule;
				SWIFT_VERSION = 6.0;
				VALIDATE_PRODUCT = YES;
			};
			name = Release;
		};
		AF534FA52EE034EB00C24675 /* Debug */ = {
			isa = XCBuildConfiguration;
			buildSettings = {
				ASSETCATALOG_COMPILER_APPICON_NAME = AppIcon;
				ASSETCATALOG_COMPILER_GLOBAL_ACCENT_COLOR_NAME = AccentColor;
				CODE_SIGN_STYLE = Automatic;
				CURRENT_PROJECT_VERSION = 1;
				DEVELOPMENT_TEAM = 2MPMKAF986;
				ENABLE_PREVIEWS = YES;
				GENERATE_INFOPLIST_FILE = YES;
				INFOPLIST_KEY_UIApplicationSceneManifest_Generation = YES;
				INFOPLIST_KEY_UIApplicationSupportsIndirectInputEvents = YES;
				INFOPLIST_KEY_UILaunchScreen_Generation = YES;
				INFOPLIST_KEY_UISupportedInterfaceOrientations_iPad = "UIInterfaceOrientationPortrait UIInterfaceOrientationPortraitUpsideDown UIInterfaceOrientationLandscapeLeft UIInterfaceOrientationLandscapeRight";
				INFOPLIST_KEY_UISupportedInterfaceOrientations_iPhone = "UIInterfaceOrientationPortrait UIInterfaceOrientationLandscapeLeft UIInterfaceOrientationLandscapeRight";
				LD_RUNPATH_SEARCH_PATHS = (
					"$(inherited)",
					"@executable_path/Frameworks",
				);
				MARKETING_VERSION = 1.0;
				PRODUCT_BUNDLE_IDENTIFIER = com.arieljtyson.SportsAppClone;
				PRODUCT_NAME = "$(TARGET_NAME)";
				STRING_CATALOG_GENERATE_SYMBOLS = YES;
				SWIFT_APPROACHABLE_CONCURRENCY = YES;
				SWIFT_DEFAULT_ACTOR_ISOLATION = MainActor;
				SWIFT_EMIT_LOC_STRINGS = YES;
				SWIFT_UPCOMING_FEATURE_MEMBER_IMPORT_VISIBILITY = YES;
				SWIFT_VERSION = 6.0;
				TARGETED_DEVICE_FAMILY = "1,2";
			};
			name = Debug;
		};
		AF534FA62EE034EB00C24675 /* Release */ = {
			isa = XCBuildConfiguration;
			buildSettings = {
				ASSETCATALOG_COMPILER_APPICON_NAME = AppIcon;
				ASSETCATALOG_COMPILER_GLOBAL_ACCENT_COLOR_NAME = AccentColor;
				CODE_SIGN_STYLE = Automatic;
				CURRENT_PROJECT_VERSION = 1;
				DEVELOPMENT_TEAM = 2MPMKAF986;
				ENABLE_PREVIEWS = YES;
				GENERATE_INFOPLIST_FILE = YES;
				INFOPLIST_KEY_UIApplicationSceneManifest_Generation = YES;
				INFOPLIST_KEY_UIApplicationSupportsIndirectInputEvents = YES;
				INFOPLIST_KEY_UILaunchScreen_Generation = YES;
				INFOPLIST_KEY_UISupportedInterfaceOrientations_iPad = "UIInterfaceOrientationPortrait UIInterfaceOrientationPortraitUpsideDown UIInterfaceOrientationLandscapeLeft UIInterfaceOrientationLandscapeRight";
				INFOPLIST_KEY_UISupportedInterfaceOrientations_iPhone = "UIInterfaceOrientationPortrait UIInterfaceOrientationLandscapeLeft UIInterfaceOrientationLandscapeRight";
				LD_RUNPATH_SEARCH_PATHS = (
					"$(inherited)",
					"@executable_path/Frameworks",
				);
				MARKETING_VERSION = 1.0;
				PRODUCT_BUNDLE_IDENTIFIER = com.arieljtyson.SportsAppClone;
				PRODUCT_NAME = "$(TARGET_NAME)";
				STRING_CATALOG_GENERATE_SYMBOLS = YES;
				SWIFT_APPROACHABLE_CONCURRENCY = YES;
				SWIFT_DEFAULT_ACTOR_ISOLATION = MainActor;
				SWIFT_EMIT_LOC_STRINGS = YES;
				SWIFT_UPCOMING_FEATURE_MEMBER_IMPORT_VISIBILITY = YES;
				SWIFT_VERSION = 6.0;
				TARGETED_DEVICE_FAMILY = "1,2";
			};
			name = Release;
		};
		AF534FDB2EE03D1000C24675 /* Debug */ = {
			isa = XCBuildConfiguration;
			buildSettings = {
				BUNDLE_LOADER = "$(TEST_HOST)";
				CODE_SIGN_STYLE = Automatic;
				CURRENT_PROJECT_VERSION = 1;
				DEVELOPMENT_TEAM = 2MPMKAF986;
				GENERATE_INFOPLIST_FILE = YES;
				MARKETING_VERSION = 1.0;
				PRODUCT_BUNDLE_IDENTIFIER = com.arieljtyson.SportsAppCloneTests;
				PRODUCT_NAME = "$(TARGET_NAME)";
				STRING_CATALOG_GENERATE_SYMBOLS = NO;
				SWIFT_APPROACHABLE_CONCURRENCY = YES;
				SWIFT_EMIT_LOC_STRINGS = NO;
				SWIFT_UPCOMING_FEATURE_MEMBER_IMPORT_VISIBILITY = YES;
				SWIFT_VERSION = 5.0;
				TARGETED_DEVICE_FAMILY = "1,2";
				TEST_HOST = "$(BUILT_PRODUCTS_DIR)/SportsAppClone.app/$(BUNDLE_EXECUTABLE_FOLDER_PATH)/SportsAppClone";
			};
			name = Debug;
		};
		AF534FDC2EE03D1000C24675 /* Release */ = {
			isa = XCBuildConfiguration;
			buildSettings = {
				BUNDLE_LOADER = "$(TEST_HOST)";
				CODE_SIGN_STYLE = Automatic;
				CURRENT_PROJECT_VERSION = 1;
				DEVELOPMENT_TEAM = 2MPMKAF986;
				GENERATE_INFOPLIST_FILE = YES;
				MARKETING_VERSION = 1.0;
				PRODUCT_BUNDLE_IDENTIFIER = com.arieljtyson.SportsAppCloneTests;
				PRODUCT_NAME = "$(TARGET_NAME)";
				STRING_CATALOG_GENERATE_SYMBOLS = NO;
				SWIFT_APPROACHABLE_CONCURRENCY = YES;
				SWIFT_EMIT_LOC_STRINGS = NO;
				SWIFT_UPCOMING_FEATURE_MEMBER_IMPORT_VISIBILITY = YES;
				SWIFT_VERSION = 5.0;
				TARGETED_DEVICE_FAMILY = "1,2";
				TEST_HOST = "$(BUILT_PRODUCTS_DIR)/SportsAppClone.app/$(BUNDLE_EXECUTABLE_FOLDER_PATH)/SportsAppClone";
			};
			name = Release;
		};
/* End XCBuildConfiguration section */

/* Begin XCConfigurationList section */
		AF534F942EE034EA00C24675 /* Build configuration list for PBXProject "SportsAppClone" */ = {
			isa = XCConfigurationList;
			buildConfigurations = (
				AF534FA22EE034EB00C24675 /* Debug */,
				AF534FA32EE034EB00C24675 /* Release */,
			);
			defaultConfigurationIsVisible = 0;
			defaultConfigurationName = Release;
		};
		AF534FA42EE034EB00C24675 /* Build configuration list for PBXNativeTarget "SportsAppClone" */ = {
			isa = XCConfigurationList;
			buildConfigurations = (
				AF534FA52EE034EB00C24675 /* Debug */,
				AF534FA62EE034EB00C24675 /* Release */,
			);
			defaultConfigurationIsVisible = 0;
			defaultConfigurationName = Release;
		};
		AF534FDA2EE03D1000C24675 /* Build configuration list for PBXNativeTarget "SportsAppCloneTests" */ = {
			isa = XCConfigurationList;
			buildConfigurations = (
				AF534FDB2EE03D1000C24675 /* Debug */,
				AF534FDC2EE03D1000C24675 /* Release */,
			);
			defaultConfigurationIsVisible = 0;
			defaultConfigurationName = Release;
		};
/* End XCConfigurationList section */

/* Begin XCRemoteSwiftPackageReference section */
		AF534FC92EE03A7F00C24675 /* XCRemoteSwiftPackageReference "swift-snapshot-testing" */ = {
			isa = XCRemoteSwiftPackageReference;
			repositoryURL = "https://github.com/pointfreeco/swift-snapshot-testing";
			requirement = {
				kind = upToNextMajorVersion;
				minimumVersion = 1.18.7;
			};
		};
/* End XCRemoteSwiftPackageReference section */

/* Begin XCSwiftPackageProductDependency section */
		AF534FCA2EE03A7F00C24675 /* InlineSnapshotTesting */ = {
			isa = XCSwiftPackageProductDependency;
			package = AF534FC92EE03A7F00C24675 /* XCRemoteSwiftPackageReference "swift-snapshot-testing" */;
			productName = InlineSnapshotTesting;
		};
		AF534FCC2EE03A7F00C24675 /* SnapshotTesting */ = {
			isa = XCSwiftPackageProductDependency;
			package = AF534FC92EE03A7F00C24675 /* XCRemoteSwiftPackageReference "swift-snapshot-testing" */;
			productName = SnapshotTesting;
		};
		AF534FCE2EE03A7F00C24675 /* SnapshotTestingCustomDump */ = {
			isa = XCSwiftPackageProductDependency;
			package = AF534FC92EE03A7F00C24675 /* XCRemoteSwiftPackageReference "swift-snapshot-testing" */;
			productName = SnapshotTestingCustomDump;
		};
/* End XCSwiftPackageProductDependency section */
	};
	rootObject = AF534F912EE034EA00C24675 /* Project object */;
}
